// !$*UTF8*$!
{
	archiveVersion = 1;
	classes = {
	};
	objectVersion = 56;
	objects = {

/* Begin PBXBuildFile section */
		F962BE812A056C730074179B /* ViewModel.swift in Sources */ = {isa = PBXBuildFile; fileRef = F962BE802A056C730074179B /* ViewModel.swift */; };
		F9E38D002A053018005573C4 /* BankTransactionsListApp.swift in Sources */ = {isa = PBXBuildFile; fileRef = F9E38CFF2A053018005573C4 /* BankTransactionsListApp.swift */; };
		F9E38D022A053018005573C4 /* ContentView.swift in Sources */ = {isa = PBXBuildFile; fileRef = F9E38D012A053018005573C4 /* ContentView.swift */; };
		F9E38D042A05301A005573C4 /* Assets.xcassets in Resources */ = {isa = PBXBuildFile; fileRef = F9E38D032A05301A005573C4 /* Assets.xcassets */; };
		F9E38D072A05301A005573C4 /* Preview Assets.xcassets in Resources */ = {isa = PBXBuildFile; fileRef = F9E38D062A05301A005573C4 /* Preview Assets.xcassets */; };
		F9E38D112A05301A005573C4 /* BankTransactionsListTests.swift in Sources */ = {isa = PBXBuildFile; fileRef = F9E38D102A05301A005573C4 /* BankTransactionsListTests.swift */; };
		F9E38D1B2A05301A005573C4 /* BankTransactionsListUITests.swift in Sources */ = {isa = PBXBuildFile; fileRef = F9E38D1A2A05301A005573C4 /* BankTransactionsListUITests.swift */; };
		F9E38D1D2A05301A005573C4 /* BankTransactionsListUITestsLaunchTests.swift in Sources */ = {isa = PBXBuildFile; fileRef = F9E38D1C2A05301A005573C4 /* BankTransactionsListUITestsLaunchTests.swift */; };
/* End PBXBuildFile section */

/* Begin PBXContainerItemProxy section */
		F9E38D0D2A05301A005573C4 /* PBXContainerItemProxy */ = {
			isa = PBXContainerItemProxy;
			containerPortal = F9E38CF42A053018005573C4 /* Project object */;
			proxyType = 1;
			remoteGlobalIDString = F9E38CFB2A053018005573C4;
			remoteInfo = BankTransactionsList;
		};
		F9E38D172A05301A005573C4 /* PBXContainerItemProxy */ = {
			isa = PBXContainerItemProxy;
			containerPortal = F9E38CF42A053018005573C4 /* Project object */;
			proxyType = 1;
			remoteGlobalIDString = F9E38CFB2A053018005573C4;
			remoteInfo = BankTransactionsList;
		};
/* End PBXContainerItemProxy section */

/* Begin PBXFileReference section */
		F962BE802A056C730074179B /* ViewModel.swift */ = {isa = PBXFileReference; lastKnownFileType = sourcecode.swift; path = ViewModel.swift; sourceTree = "<group>"; };
		F9E38CFC2A053018005573C4 /* BankTransactionsList.app */ = {isa = PBXFileReference; explicitFileType = wrapper.application; includeInIndex = 0; path = BankTransactionsList.app; sourceTree = BUILT_PRODUCTS_DIR; };
		F9E38CFF2A053018005573C4 /* BankTransactionsListApp.swift */ = {isa = PBXFileReference; lastKnownFileType = sourcecode.swift; path = BankTransactionsListApp.swift; sourceTree = "<group>"; };
		F9E38D012A053018005573C4 /* ContentView.swift */ = {isa = PBXFileReference; lastKnownFileType = sourcecode.swift; path = ContentView.swift; sourceTree = "<group>"; };
		F9E38D032A05301A005573C4 /* Assets.xcassets */ = {isa = PBXFileReference; lastKnownFileType = folder.assetcatalog; path = Assets.xcassets; sourceTree = "<group>"; };
		F9E38D062A05301A005573C4 /* Preview Assets.xcassets */ = {isa = PBXFileReference; lastKnownFileType = folder.assetcatalog; path = "Preview Assets.xcassets"; sourceTree = "<group>"; };
		F9E38D0C2A05301A005573C4 /* BankTransactionsListTests.xctest */ = {isa = PBXFileReference; explicitFileType = wrapper.cfbundle; includeInIndex = 0; path = BankTransactionsListTests.xctest; sourceTree = BUILT_PRODUCTS_DIR; };
		F9E38D102A05301A005573C4 /* BankTransactionsListTests.swift */ = {isa = PBXFileReference; lastKnownFileType = sourcecode.swift; path = BankTransactionsListTests.swift; sourceTree = "<group>"; };
		F9E38D162A05301A005573C4 /* BankTransactionsListUITests.xctest */ = {isa = PBXFileReference; explicitFileType = wrapper.cfbundle; includeInIndex = 0; path = BankTransactionsListUITests.xctest; sourceTree = BUILT_PRODUCTS_DIR; };
		F9E38D1A2A05301A005573C4 /* BankTransactionsListUITests.swift */ = {isa = PBXFileReference; lastKnownFileType = sourcecode.swift; path = BankTransactionsListUITests.swift; sourceTree = "<group>"; };
		F9E38D1C2A05301A005573C4 /* BankTransactionsListUITestsLaunchTests.swift */ = {isa = PBXFileReference; lastKnownFileType = sourcecode.swift; path = BankTransactionsListUITestsLaunchTests.swift; sourceTree = "<group>"; };
/* End PBXFileReference section */

/* Begin PBXFrameworksBuildPhase section */
		F9E38CF92A053018005573C4 /* Frameworks */ = {
			isa = PBXFrameworksBuildPhase;
			buildActionMask = 2147483647;
			files = (
			);
			runOnlyForDeploymentPostprocessing = 0;
		};
		F9E38D092A05301A005573C4 /* Frameworks */ = {
			isa = PBXFrameworksBuildPhase;
			buildActionMask = 2147483647;
			files = (
			);
			runOnlyForDeploymentPostprocessing = 0;
		};
		F9E38D132A05301A005573C4 /* Frameworks */ = {
			isa = PBXFrameworksBuildPhase;
			buildActionMask = 2147483647;
			files = (
			);
			runOnlyForDeploymentPostprocessing = 0;
		};
/* End PBXFrameworksBuildPhase section */

/* Begin PBXGroup section */
		F9E38CF32A053018005573C4 = {
			isa = PBXGroup;
			children = (
				F9E38CFE2A053018005573C4 /* BankTransactionsList */,
				F9E38D0F2A05301A005573C4 /* BankTransactionsListTests */,
				F9E38D192A05301A005573C4 /* BankTransactionsListUITests */,
				F9E38CFD2A053018005573C4 /* Products */,
			);
			sourceTree = "<group>";
		};
		F9E38CFD2A053018005573C4 /* Products */ = {
			isa = PBXGroup;
			children = (
				F9E38CFC2A053018005573C4 /* BankTransactionsList.app */,
				F9E38D0C2A05301A005573C4 /* BankTransactionsListTests.xctest */,
				F9E38D162A05301A005573C4 /* BankTransactionsListUITests.xctest */,
			);
			name = Products;
			sourceTree = "<group>";
		};
		F9E38CFE2A053018005573C4 /* BankTransactionsList */ = {
			isa = PBXGroup;
			children = (
				F962BE802A056C730074179B /* ViewModel.swift */,
				F9E38CFF2A053018005573C4 /* BankTransactionsListApp.swift */,
				F9E38D012A053018005573C4 /* ContentView.swift */,
				F9E38D032A05301A005573C4 /* Assets.xcassets */,
				F9E38D052A05301A005573C4 /* Preview Content */,
			);
			path = BankTransactionsList;
			sourceTree = "<group>";
		};
		F9E38D052A05301A005573C4 /* Preview Content */ = {
			isa = PBXGroup;
			children = (
				F9E38D062A05301A005573C4 /* Preview Assets.xcassets */,
			);
			path = "Preview Content";
			sourceTree = "<group>";
		};
		F9E38D0F2A05301A005573C4 /* BankTransactionsListTests */ = {
			isa = PBXGroup;
			children = (
				F9E38D102A05301A005573C4 /* BankTransactionsListTests.swift */,
			);
			path = BankTransactionsListTests;
			sourceTree = "<group>";
		};
		F9E38D192A05301A005573C4 /* BankTransactionsListUITests */ = {
			isa = PBXGroup;
			children = (
				F9E38D1A2A05301A005573C4 /* BankTransactionsListUITests.swift */,
				F9E38D1C2A05301A005573C4 /* BankTransactionsListUITestsLaunchTests.swift */,
			);
			path = BankTransactionsListUITests;
			sourceTree = "<group>";
		};
/* End PBXGroup section */

/* Begin PBXNativeTarget section */
		F9E38CFB2A053018005573C4 /* BankTransactionsList */ = {
			isa = PBXNativeTarget;
			buildConfigurationList = F9E38D202A05301A005573C4 /* Build configuration list for PBXNativeTarget "BankTransactionsList" */;
			buildPhases = (
				F9E38CF82A053018005573C4 /* Sources */,
				F9E38CF92A053018005573C4 /* Frameworks */,
				F9E38CFA2A053018005573C4 /* Resources */,
			);
			buildRules = (
			);
			dependencies = (
			);
			name = BankTransactionsList;
			productName = BankTransactionsList;
			productReference = F9E38CFC2A053018005573C4 /* BankTransactionsList.app */;
			productType = "com.apple.product-type.application";
		};
		F9E38D0B2A05301A005573C4 /* BankTransactionsListTests */ = {
			isa = PBXNativeTarget;
			buildConfigurationList = F9E38D232A05301A005573C4 /* Build configuration list for PBXNativeTarget "BankTransactionsListTests" */;
			buildPhases = (
				F9E38D082A05301A005573C4 /* Sources */,
				F9E38D092A05301A005573C4 /* Frameworks */,
				F9E38D0A2A05301A005573C4 /* Resources */,
			);
			buildRules = (
			);
			dependencies = (
				F9E38D0E2A05301A005573C4 /* PBXTargetDependency */,
			);
			name = BankTransactionsListTests;
			productName = BankTransactionsListTests;
			productReference = F9E38D0C2A05301A005573C4 /* BankTransactionsListTests.xctest */;
			productType = "com.apple.product-type.bundle.unit-test";
		};
		F9E38D152A05301A005573C4 /* BankTransactionsListUITests */ = {
			isa = PBXNativeTarget;
			buildConfigurationList = F9E38D262A05301A005573C4 /* Build configuration list for PBXNativeTarget "BankTransactionsListUITests" */;
			buildPhases = (
				F9E38D122A05301A005573C4 /* Sources */,
				F9E38D132A05301A005573C4 /* Frameworks */,
				F9E38D142A05301A005573C4 /* Resources */,
			);
			buildRules = (
			);
			dependencies = (
				F9E38D182A05301A005573C4 /* PBXTargetDependency */,
			);
			name = BankTransactionsListUITests;
			productName = BankTransactionsListUITests;
			productReference = F9E38D162A05301A005573C4 /* BankTransactionsListUITests.xctest */;
			productType = "com.apple.product-type.bundle.ui-testing";
		};
/* End PBXNativeTarget section */

/* Begin PBXProject section */
		F9E38CF42A053018005573C4 /* Project object */ = {
			isa = PBXProject;
			attributes = {
				BuildIndependentTargetsInParallel = 1;
				LastSwiftUpdateCheck = 1430;
				LastUpgradeCheck = 1430;
				TargetAttributes = {
					F9E38CFB2A053018005573C4 = {
						CreatedOnToolsVersion = 14.3;
					};
					F9E38D0B2A05301A005573C4 = {
						CreatedOnToolsVersion = 14.3;
						TestTargetID = F9E38CFB2A053018005573C4;
					};
					F9E38D152A05301A005573C4 = {
						CreatedOnToolsVersion = 14.3;
						TestTargetID = F9E38CFB2A053018005573C4;
					};
				};
			};
			buildConfigurationList = F9E38CF72A053018005573C4 /* Build configuration list for PBXProject "BankTransactionsList" */;
			compatibilityVersion = "Xcode 14.0";
			developmentRegion = en;
			hasScannedForEncodings = 0;
			knownRegions = (
				en,
				Base,
			);
			mainGroup = F9E38CF32A053018005573C4;
			productRefGroup = F9E38CFD2A053018005573C4 /* Products */;
			projectDirPath = "";
			projectRoot = "";
			targets = (
				F9E38CFB2A053018005573C4 /* BankTransactionsList */,
				F9E38D0B2A05301A005573C4 /* BankTransactionsListTests */,
				F9E38D152A05301A005573C4 /* BankTransactionsListUITests */,
			);
		};
/* End PBXProject section */

/* Begin PBXResourcesBuildPhase section */
		F9E38CFA2A053018005573C4 /* Resources */ = {
			isa = PBXResourcesBuildPhase;
			buildActionMask = 2147483647;
			files = (
				F9E38D072A05301A005573C4 /* Preview Assets.xcassets in Resources */,
				F9E38D042A05301A005573C4 /* Assets.xcassets in Resources */,
			);
			runOnlyForDeploymentPostprocessing = 0;
		};
		F9E38D0A2A05301A005573C4 /* Resources */ = {
			isa = PBXResourcesBuildPhase;
			buildActionMask = 2147483647;
			files = (
			);
			runOnlyForDeploymentPostprocessing = 0;
		};
		F9E38D142A05301A005573C4 /* Resources */ = {
			isa = PBXResourcesBuildPhase;
			buildActionMask = 2147483647;
			files = (
			);
			runOnlyForDeploymentPostprocessing = 0;
		};
/* End PBXResourcesBuildPhase section */

/* Begin PBXSourcesBuildPhase section */
		F9E38CF82A053018005573C4 /* Sources */ = {
			isa = PBXSourcesBuildPhase;
			buildActionMask = 2147483647;
			files = (
				F9E38D022A053018005573C4 /* ContentView.swift in Sources */,
				F962BE812A056C730074179B /* ViewModel.swift in Sources */,
				F9E38D002A053018005573C4 /* BankTransactionsListApp.swift in Sources */,
			);
			runOnlyForDeploymentPostprocessing = 0;
		};
		F9E38D082A05301A005573C4 /* Sources */ = {
			isa = PBXSourcesBuildPhase;
			buildActionMask = 2147483647;
			files = (
				F9E38D112A05301A005573C4 /* BankTransactionsListTests.swift in Sources */,
			);
			runOnlyForDeploymentPostprocessing = 0;
		};
		F9E38D122A05301A005573C4 /* Sources */ = {
			isa = PBXSourcesBuildPhase;
			buildActionMask = 2147483647;
			files = (
				F9E38D1B2A05301A005573C4 /* BankTransactionsListUITests.swift in Sources */,
				F9E38D1D2A05301A005573C4 /* BankTransactionsListUITestsLaunchTests.swift in Sources */,
			);
			runOnlyForDeploymentPostprocessing = 0;
		};
/* End PBXSourcesBuildPhase section */

/* Begin PBXTargetDependency section */
		F9E38D0E2A05301A005573C4 /* PBXTargetDependency */ = {
			isa = PBXTargetDependency;
			target = F9E38CFB2A053018005573C4 /* BankTransactionsList */;
			targetProxy = F9E38D0D2A05301A005573C4 /* PBXContainerItemProxy */;
		};
		F9E38D182A05301A005573C4 /* PBXTargetDependency */ = {
			isa = PBXTargetDependency;
			target = F9E38CFB2A053018005573C4 /* BankTransactionsList */;
			targetProxy = F9E38D172A05301A005573C4 /* PBXContainerItemProxy */;
		};
/* End PBXTargetDependency section */

/* Begin XCBuildConfiguration section */
		F9E38D1E2A05301A005573C4 /* Debug */ = {
			isa = XCBuildConfiguration;
			buildSettings = {
				ALWAYS_SEARCH_USER_PATHS = NO;
				CLANG_ANALYZER_NONNULL = YES;
				CLANG_ANALYZER_NUMBER_OBJECT_CONVERSION = YES_AGGRESSIVE;
				CLANG_CXX_LANGUAGE_STANDARD = "gnu++20";
				CLANG_ENABLE_MODULES = YES;
				CLANG_ENABLE_OBJC_ARC = YES;
				CLANG_ENABLE_OBJC_WEAK = YES;
				CLANG_WARN_BLOCK_CAPTURE_AUTORELEASING = YES;
				CLANG_WARN_BOOL_CONVERSION = YES;
				CLANG_WARN_COMMA = YES;
				CLANG_WARN_CONSTANT_CONVERSION = YES;
				CLANG_WARN_DEPRECATED_OBJC_IMPLEMENTATIONS = YES;
				CLANG_WARN_DIRECT_OBJC_ISA_USAGE = YES_ERROR;
				CLANG_WARN_DOCUMENTATION_COMMENTS = YES;
				CLANG_WARN_EMPTY_BODY = YES;
				CLANG_WARN_ENUM_CONVERSION = YES;
				CLANG_WARN_INFINITE_RECURSION = YES;
				CLANG_WARN_INT_CONVERSION = YES;
				CLANG_WARN_NON_LITERAL_NULL_CONVERSION = YES;
				CLANG_WARN_OBJC_IMPLICIT_RETAIN_SELF = YES;
				CLANG_WARN_OBJC_LITERAL_CONVERSION = YES;
				CLANG_WARN_OBJC_ROOT_CLASS = YES_ERROR;
				CLANG_WARN_QUOTED_INCLUDE_IN_FRAMEWORK_HEADER = YES;
				CLANG_WARN_RANGE_LOOP_ANALYSIS = YES;
				CLANG_WARN_STRICT_PROTOTYPES = YES;
				CLANG_WARN_SUSPICIOUS_MOVE = YES;
				CLANG_WARN_UNGUARDED_AVAILABILITY = YES_AGGRESSIVE;
				CLANG_WARN_UNREACHABLE_CODE = YES;
				CLANG_WARN__DUPLICATE_METHOD_MATCH = YES;
				COPY_PHASE_STRIP = NO;
				DEBUG_INFORMATION_FORMAT = dwarf;
				ENABLE_STRICT_OBJC_MSGSEND = YES;
				ENABLE_TESTABILITY = YES;
				GCC_C_LANGUAGE_STANDARD = gnu11;
				GCC_DYNAMIC_NO_PIC = NO;
				GCC_NO_COMMON_BLOCKS = YES;
				GCC_OPTIMIZATION_LEVEL = 0;
				GCC_PREPROCESSOR_DEFINITIONS = (
					"DEBUG=1",
					"$(inherited)",
				);
				GCC_WARN_64_TO_32_BIT_CONVERSION = YES;
				GCC_WARN_ABOUT_RETURN_TYPE = YES_ERROR;
				GCC_WARN_UNDECLARED_SELECTOR = YES;
				GCC_WARN_UNINITIALIZED_AUTOS = YES_AGGRESSIVE;
				GCC_WARN_UNUSED_FUNCTION = YES;
				GCC_WARN_UNUSED_VARIABLE = YES;
				IPHONEOS_DEPLOYMENT_TARGET = 16.4;
				MTL_ENABLE_DEBUG_INFO = INCLUDE_SOURCE;
				MTL_FAST_MATH = YES;
				ONLY_ACTIVE_ARCH = YES;
				SDKROOT = iphoneos;
				SWIFT_ACTIVE_COMPILATION_CONDITIONS = DEBUG;
				SWIFT_OPTIMIZATION_LEVEL = "-Onone";
			};
			name = Debug;
		};
		F9E38D1F2A05301A005573C4 /* Release */ = {
			isa = XCBuildConfiguration;
			buildSettings = {
				ALWAYS_SEARCH_USER_PATHS = NO;
				CLANG_ANALYZER_NONNULL = YES;
				CLANG_ANALYZER_NUMBER_OBJECT_CONVERSION = YES_AGGRESSIVE;
				CLANG_CXX_LANGUAGE_STANDARD = "gnu++20";
				CLANG_ENABLE_MODULES = YES;
				CLANG_ENABLE_OBJC_ARC = YES;
				CLANG_ENABLE_OBJC_WEAK = YES;
				CLANG_WARN_BLOCK_CAPTURE_AUTORELEASING = YES;
				CLANG_WARN_BOOL_CONVERSION = YES;
				CLANG_WARN_COMMA = YES;
				CLANG_WARN_CONSTANT_CONVERSION = YES;
				CLANG_WARN_DEPRECATED_OBJC_IMPLEMENTATIONS = YES;
				CLANG_WARN_DIRECT_OBJC_ISA_USAGE = YES_ERROR;
				CLANG_WARN_DOCUMENTATION_COMMENTS = YES;
				CLANG_WARN_EMPTY_BODY = YES;
				CLANG_WARN_ENUM_CONVERSION = YES;
				CLANG_WARN_INFINITE_RECURSION = YES;
				CLANG_WARN_INT_CONVERSION = YES;
				CLANG_WARN_NON_LITERAL_NULL_CONVERSION = YES;
				CLANG_WARN_OBJC_IMPLICIT_RETAIN_SELF = YES;
				CLANG_WARN_OBJC_LITERAL_CONVERSION = YES;
				CLANG_WARN_OBJC_ROOT_CLASS = YES_ERROR;
				CLANG_WARN_QUOTED_INCLUDE_IN_FRAMEWORK_HEADER = YES;
				CLANG_WARN_RANGE_LOOP_ANALYSIS = YES;
				CLANG_WARN_STRICT_PROTOTYPES = YES;
				CLANG_WARN_SUSPICIOUS_MOVE = YES;
				CLANG_WARN_UNGUARDED_AVAILABILITY = YES_AGGRESSIVE;
				CLANG_WARN_UNREACHABLE_CODE = YES;
				CLANG_WARN__DUPLICATE_METHOD_MATCH = YES;
				COPY_PHASE_STRIP = NO;
				DEBUG_INFORMATION_FORMAT = "dwarf-with-dsym";
				ENABLE_NS_ASSERTIONS = NO;
				ENABLE_STRICT_OBJC_MSGSEND = YES;
				GCC_C_LANGUAGE_STANDARD = gnu11;
				GCC_NO_COMMON_BLOCKS = YES;
				GCC_WARN_64_TO_32_BIT_CONVERSION = YES;
				GCC_WARN_ABOUT_RETURN_TYPE = YES_ERROR;
				GCC_WARN_UNDECLARED_SELECTOR = YES;
				GCC_WARN_UNINITIALIZED_AUTOS = YES_AGGRESSIVE;
				GCC_WARN_UNUSED_FUNCTION = YES;
				GCC_WARN_UNUSED_VARIABLE = YES;
				IPHONEOS_DEPLOYMENT_TARGET = 16.4;
				MTL_ENABLE_DEBUG_INFO = NO;
				MTL_FAST_MATH = YES;
				SDKROOT = iphoneos;
				SWIFT_COMPILATION_MODE = wholemodule;
				SWIFT_OPTIMIZATION_LEVEL = "-O";
				VALIDATE_PRODUCT = YES;
			};
			name = Release;
		};
		F9E38D212A05301A005573C4 /* Debug */ = {
			isa = XCBuildConfiguration;
			buildSettings = {
				ASSETCATALOG_COMPILER_APPICON_NAME = AppIcon;
				ASSETCATALOG_COMPILER_GLOBAL_ACCENT_COLOR_NAME = AccentColor;
				CODE_SIGN_STYLE = Automatic;
				CURRENT_PROJECT_VERSION = 1;
				DEVELOPMENT_ASSET_PATHS = "\"BankTransactionsList/Preview Content\"";
				DEVELOPMENT_TEAM = W6C3W6NZ55;
				ENABLE_PREVIEWS = YES;
				GENERATE_INFOPLIST_FILE = YES;
				INFOPLIST_KEY_UIApplicationSceneManifest_Generation = YES;
				INFOPLIST_KEY_UIApplicationSupportsIndirectInputEvents = YES;
				INFOPLIST_KEY_UILaunchScreen_Generation = YES;
				INFOPLIST_KEY_UISupportedInterfaceOrientations_iPad = "UIInterfaceOrientationPortrait UIInterfaceOrientationPortraitUpsideDown UIInterfaceOrientationLandscapeLeft UIInterfaceOrientationLandscapeRight";
				INFOPLIST_KEY_UISupportedInterfaceOrientations_iPhone = "UIInterfaceOrientationPortrait UIInterfaceOrientationLandscapeLeft UIInterfaceOrientationLandscapeRight";
				LD_RUNPATH_SEARCH_PATHS = (
					"$(inherited)",
					"@executable_path/Frameworks",
				);
				MARKETING_VERSION = 1.0;
				PRODUCT_BUNDLE_IDENTIFIER = jesusmora.BankTransactionsList;
				PRODUCT_NAME = "$(TARGET_NAME)";
				SWIFT_EMIT_LOC_STRINGS = YES;
				SWIFT_VERSION = 5.0;
				TARGETED_DEVICE_FAMILY = "1,2";
			};
			name = Debug;
		};
		F9E38D222A05301A005573C4 /* Release */ = {
			isa = XCBuildConfiguration;
			buildSettings = {
				ASSETCATALOG_COMPILER_APPICON_NAME = AppIcon;
				ASSETCATALOG_COMPILER_GLOBAL_ACCENT_COLOR_NAME = AccentColor;
				CODE_SIGN_STYLE = Automatic;
				CURRENT_PROJECT_VERSION = 1;
				DEVELOPMENT_ASSET_PATHS = "\"BankTransactionsList/Preview Content\"";
				DEVELOPMENT_TEAM = W6C3W6NZ55;
				ENABLE_PREVIEWS = YES;
				GENERATE_INFOPLIST_FILE = YES;
				INFOPLIST_KEY_UIApplicationSceneManifest_Generation = YES;
				INFOPLIST_KEY_UIApplicationSupportsIndirectInputEvents = YES;
				INFOPLIST_KEY_UILaunchScreen_Generation = YES;
				INFOPLIST_KEY_UISupportedInterfaceOrientations_iPad = "UIInterfaceOrientationPortrait UIInterfaceOrientationPortraitUpsideDown UIInterfaceOrientationLandscapeLeft UIInterfaceOrientationLandscapeRight";
				INFOPLIST_KEY_UISupportedInterfaceOrientations_iPhone = "UIInterfaceOrientationPortrait UIInterfaceOrientationLandscapeLeft UIInterfaceOrientationLandscapeRight";
				LD_RUNPATH_SEARCH_PATHS = (
					"$(inherited)",
					"@executable_path/Frameworks",
				);
				MARKETING_VERSION = 1.0;
				PRODUCT_BUNDLE_IDENTIFIER = jesusmora.BankTransactionsList;
				PRODUCT_NAME = "$(TARGET_NAME)";
				SWIFT_EMIT_LOC_STRINGS = YES;
				SWIFT_VERSION = 5.0;
				TARGETED_DEVICE_FAMILY = "1,2";
			};
			name = Release;
		};
		F9E38D242A05301A005573C4 /* Debug */ = {
			isa = XCBuildConfiguration;
			buildSettings = {
				ALWAYS_EMBED_SWIFT_STANDARD_LIBRARIES = YES;
				BUNDLE_LOADER = "$(TEST_HOST)";
				CODE_SIGN_STYLE = Automatic;
				CURRENT_PROJECT_VERSION = 1;
				DEVELOPMENT_TEAM = W6C3W6NZ55;
				GENERATE_INFOPLIST_FILE = YES;
				IPHONEOS_DEPLOYMENT_TARGET = 16.4;
				MARKETING_VERSION = 1.0;
				PRODUCT_BUNDLE_IDENTIFIER = jesusmora.BankTransactionsListTests;
				PRODUCT_NAME = "$(TARGET_NAME)";
				SWIFT_EMIT_LOC_STRINGS = NO;
				SWIFT_VERSION = 5.0;
				TARGETED_DEVICE_FAMILY = "1,2";
				TEST_HOST = "$(BUILT_PRODUCTS_DIR)/BankTransactionsList.app/$(BUNDLE_EXECUTABLE_FOLDER_PATH)/BankTransactionsList";
			};
			name = Debug;
		};
		F9E38D252A05301A005573C4 /* Release */ = {
			isa = XCBuildConfiguration;
			buildSettings = {
				ALWAYS_EMBED_SWIFT_STANDARD_LIBRARIES = YES;
				BUNDLE_LOADER = "$(TEST_HOST)";
				CODE_SIGN_STYLE = Automatic;
				CURRENT_PROJECT_VERSION = 1;
				DEVELOPMENT_TEAM = W6C3W6NZ55;
				GENERATE_INFOPLIST_FILE = YES;
				IPHONEOS_DEPLOYMENT_TARGET = 16.4;
				MARKETING_VERSION = 1.0;
				PRODUCT_BUNDLE_IDENTIFIER = jesusmora.BankTransactionsListTests;
				PRODUCT_NAME = "$(TARGET_NAME)";
				SWIFT_EMIT_LOC_STRINGS = NO;
				SWIFT_VERSION = 5.0;
				TARGETED_DEVICE_FAMILY = "1,2";
				TEST_HOST = "$(BUILT_PRODUCTS_DIR)/BankTransactionsList.app/$(BUNDLE_EXECUTABLE_FOLDER_PATH)/BankTransactionsList";
			};
			name = Release;
		};
		F9E38D272A05301A005573C4 /* Debug */ = {
			isa = XCBuildConfiguration;
			buildSettings = {
				ALWAYS_EMBED_SWIFT_STANDARD_LIBRARIES = YES;
				CODE_SIGN_STYLE = Automatic;
				CURRENT_PROJECT_VERSION = 1;
				DEVELOPMENT_TEAM = W6C3W6NZ55;
				GENERATE_INFOPLIST_FILE = YES;
				MARKETING_VERSION = 1.0;
				PRODUCT_BUNDLE_IDENTIFIER = jesusmora.BankTransactionsListUITests;
				PRODUCT_NAME = "$(TARGET_NAME)";
				SWIFT_EMIT_LOC_STRINGS = NO;
				SWIFT_VERSION = 5.0;
				TARGETED_DEVICE_FAMILY = "1,2";
				TEST_TARGET_NAME = BankTransactionsList;
			};
			name = Debug;
		};
		F9E38D282A05301A005573C4 /* Release */ = {
			isa = XCBuildConfiguration;
			buildSettings = {
				ALWAYS_EMBED_SWIFT_STANDARD_LIBRARIES = YES;
				CODE_SIGN_STYLE = Automatic;
				CURRENT_PROJECT_VERSION = 1;
				DEVELOPMENT_TEAM = W6C3W6NZ55;
				GENERATE_INFOPLIST_FILE = YES;
				MARKETING_VERSION = 1.0;
				PRODUCT_BUNDLE_IDENTIFIER = jesusmora.BankTransactionsListUITests;
				PRODUCT_NAME = "$(TARGET_NAME)";
				SWIFT_EMIT_LOC_STRINGS = NO;
				SWIFT_VERSION = 5.0;
				TARGETED_DEVICE_FAMILY = "1,2";
				TEST_TARGET_NAME = BankTransactionsList;
			};
			name = Release;
		};
/* End XCBuildConfiguration section */

/* Begin XCConfigurationList section */
		F9E38CF72A053018005573C4 /* Build configuration list for PBXProject "BankTransactionsList" */ = {
			isa = XCConfigurationList;
			buildConfigurations = (
				F9E38D1E2A05301A005573C4 /* Debug */,
				F9E38D1F2A05301A005573C4 /* Release */,
			);
			defaultConfigurationIsVisible = 0;
			defaultConfigurationName = Release;
		};
		F9E38D202A05301A005573C4 /* Build configuration list for PBXNativeTarget "BankTransactionsList" */ = {
			isa = XCConfigurationList;
			buildConfigurations = (
				F9E38D212A05301A005573C4 /* Debug */,
				F9E38D222A05301A005573C4 /* Release */,
			);
			defaultConfigurationIsVisible = 0;
			defaultConfigurationName = Release;
		};
		F9E38D232A05301A005573C4 /* Build configuration list for PBXNativeTarget "BankTransactionsListTests" */ = {
			isa = XCConfigurationList;
			buildConfigurations = (
				F9E38D242A05301A005573C4 /* Debug */,
				F9E38D252A05301A005573C4 /* Release */,
			);
			defaultConfigurationIsVisible = 0;
			defaultConfigurationName = Release;
		};
		F9E38D262A05301A005573C4 /* Build configuration list for PBXNativeTarget "BankTransactionsListUITests" */ = {
			isa = XCConfigurationList;
			buildConfigurations = (
				F9E38D272A05301A005573C4 /* Debug */,
				F9E38D282A05301A005573C4 /* Release */,
			);
			defaultConfigurationIsVisible = 0;
			defaultConfigurationName = Release;
		};
/* End XCConfigurationList section */
	};
	rootObject = F9E38CF42A053018005573C4 /* Project object */;
}
